
Microsoft Visual Studio Solution File, Format Version 12.00
# Visual Studio Version 17
VisualStudioVersion = 17.0.31903.59
MinimumVisualStudioVersion = 10.0.40219.1
Project("{FAE04EC0-301F-11D3-BF4B-00C04F79EFBC}") = "car-park-escape", "car-park-escape\car-park-escape.csproj", "{B0045986-83F1-4BC6-B32F-CD3981EA78DE}"
EndProject
Project("{FAE04EC0-301F-11D3-BF4B-00C04F79EFBC}") = "Test", "Test\Test.csproj", "{7A50F24F-C1FB-4453-890E-4A906D632C28}"
EndProject
Global
	GlobalSection(SolutionConfigurationPlatforms) = preSolution
		Debug|Any CPU = Debug|Any CPU
		Release|Any CPU = Release|Any CPU
	EndGlobalSection
	GlobalSection(SolutionProperties) = preSolution
		HideSolutionNode = FALSE
	EndGlobalSection
	GlobalSection(ProjectConfigurationPlatforms) = postSolution
		{B0045986-83F1-4BC6-B32F-CD3981EA78DE}.Debug|Any CPU.ActiveCfg = Debug|Any CPU
		{B0045986-83F1-4BC6-B32F-CD3981EA78DE}.Debug|Any CPU.Build.0 = Debug|Any CPU
		{B0045986-83F1-4BC6-B32F-CD3981EA78DE}.Release|Any CPU.ActiveCfg = Release|Any CPU
		{B0045986-83F1-4BC6-B32F-CD3981EA78DE}.Release|Any CPU.Build.0 = Release|Any CPU
		{7A50F24F-C1FB-4453-890E-4A906D632C28}.Debug|Any CPU.ActiveCfg = Debug|Any CPU
		{7A50F24F-C1FB-4453-890E-4A906D632C28}.Debug|Any CPU.Build.0 = Debug|Any CPU
		{7A50F24F-C1FB-4453-890E-4A906D632C28}.Release|Any CPU.ActiveCfg = Release|Any CPU
		{7A50F24F-C1FB-4453-890E-4A906D632C28}.Release|Any CPU.Build.0 = Release|Any CPU
	EndGlobalSection
EndGlobal
